PODS:
  - boost-for-react-native (1.63.0)
  - CocoaAsyncSocket (7.6.5)
  - DoubleConversion (1.1.6)
  - FBLazyVector (0.62.2)
  - FBReactNativeSpec (0.62.2):
    - Folly (= 2018.10.22.00)
    - RCTRequired (= 0.62.2)
    - RCTTypeSafety (= 0.62.2)
    - React-Core (= 0.62.2)
    - React-jsi (= 0.62.2)
    - ReactCommon/turbomodule/core (= 0.62.2)
  - Flipper (0.33.1):
    - Flipper-Folly (~> 2.1)
    - Flipper-RSocket (~> 1.0)
  - Flipper-Boost-iOSX (1.76.0.1.11)
  - Flipper-DoubleConversion (3.2.0.1)
  - Flipper-Fmt (7.1.7)
  - Flipper-Folly (2.6.10):
    - Flipper-Boost-iOSX
    - Flipper-DoubleConversion
    - Flipper-Fmt (= 7.1.7)
    - Flipper-Glog
    - libevent (~> 2.1.12)
    - OpenSSL-Universal (= 1.1.1100)
  - Flipper-Glog (0.5.0.5)
  - Flipper-PeerTalk (0.0.4)
  - Flipper-RSocket (1.4.3):
    - Flipper-Folly (~> 2.6)
  - FlipperKit (0.33.1):
    - FlipperKit/Core (= 0.33.1)
  - FlipperKit/Core (0.33.1):
    - Flipper (~> 0.33.1)
    - FlipperKit/CppBridge
    - FlipperKit/FBCxxFollyDynamicConvert
    - FlipperKit/FBDefines
    - FlipperKit/FKPortForwarding
  - FlipperKit/CppBridge (0.33.1):
    - Flipper (~> 0.33.1)
  - FlipperKit/FBCxxFollyDynamicConvert (0.33.1):
    - Flipper-Folly (~> 2.1)
  - FlipperKit/FBDefines (0.33.1)
  - FlipperKit/FKPortForwarding (0.33.1):
    - CocoaAsyncSocket (~> 7.6)
    - Flipper-PeerTalk (~> 0.0.4)
  - FlipperKit/FlipperKitHighlightOverlay (0.33.1)
  - FlipperKit/FlipperKitLayoutPlugin (0.33.1):
    - FlipperKit/Core
    - FlipperKit/FlipperKitHighlightOverlay
    - FlipperKit/FlipperKitLayoutTextSearchable
    - YogaKit (~> 1.18)
  - FlipperKit/FlipperKitLayoutTextSearchable (0.33.1)
  - FlipperKit/FlipperKitNetworkPlugin (0.33.1):
    - FlipperKit/Core
  - FlipperKit/FlipperKitReactPlugin (0.33.1):
    - FlipperKit/Core
  - FlipperKit/FlipperKitUserDefaultsPlugin (0.33.1):
    - FlipperKit/Core
  - FlipperKit/SKIOSNetworkPlugin (0.33.1):
    - FlipperKit/Core
    - FlipperKit/FlipperKitNetworkPlugin
  - Folly (2018.10.22.00):
    - boost-for-react-native
    - DoubleConversion
    - Folly/Default (= 2018.10.22.00)
    - glog
  - Folly/Default (2018.10.22.00):
    - boost-for-react-native
    - DoubleConversion
    - glog
  - glog (0.3.5)
  - GoogleDataTransport (9.2.0):
    - GoogleUtilities/Environment (~> 7.7)
    - nanopb (< 2.30910.0, >= 2.30908.0)
    - PromisesObjC (< 3.0, >= 1.2)
  - GoogleMLKit/MLKitCore (3.2.0):
    - MLKitCommon (~> 8.0.0)
  - GoogleMLKit/TextRecognition (3.2.0):
    - GoogleMLKit/MLKitCore
    - MLKitTextRecognition (~> 1.4.0-beta6)
  - GoogleMLKit/TextRecognitionJapanese (3.2.0):
    - GoogleMLKit/MLKitCore
    - MLKitTextRecognitionJapanese (~> 1.0.0-beta6)
  - GoogleToolboxForMac/DebugUtils (2.3.2):
    - GoogleToolboxForMac/Defines (= 2.3.2)
  - GoogleToolboxForMac/Defines (2.3.2)
  - GoogleToolboxForMac/Logger (2.3.2):
    - GoogleToolboxForMac/Defines (= 2.3.2)
  - "GoogleToolboxForMac/NSData+zlib (2.3.2)":
    - GoogleToolboxForMac/Defines (= 2.3.2)
  - "GoogleToolboxForMac/NSDictionary+URLArguments (2.3.2)":
    - GoogleToolboxForMac/DebugUtils (= 2.3.2)
    - GoogleToolboxForMac/Defines (= 2.3.2)
    - "GoogleToolboxForMac/NSString+URLArguments (= 2.3.2)"
  - "GoogleToolboxForMac/NSString+URLArguments (2.3.2)"
  - GoogleUtilities/Environment (7.10.0):
    - PromisesObjC (< 3.0, >= 1.2)
  - GoogleUtilities/Logger (7.10.0):
    - GoogleUtilities/Environment
  - GoogleUtilities/UserDefaults (7.10.0):
    - GoogleUtilities/Logger
  - GoogleUtilitiesComponents (1.1.0):
    - GoogleUtilities/Logger
  - GTMSessionFetcher/Core (1.7.2)
  - libevent (2.1.12)
  - MLImage (1.0.0-beta3)
  - MLKitCommon (8.0.0):
    - GoogleDataTransport (~> 9.0)
    - GoogleToolboxForMac/Logger (~> 2.1)
    - "GoogleToolboxForMac/NSData+zlib (~> 2.1)"
    - "GoogleToolboxForMac/NSDictionary+URLArguments (~> 2.1)"
    - GoogleUtilities/UserDefaults (~> 7.0)
    - GoogleUtilitiesComponents (~> 1.0)
    - GTMSessionFetcher/Core (~> 1.1)
    - Protobuf (~> 3.12)
  - MLKitTextRecognition (1.4.0-beta6):
    - MLKitCommon (~> 8.0)
    - MLKitTextRecognitionCommon (= 1.0.0-beta6)
    - MLKitVision (~> 4.2)
  - MLKitTextRecognitionCommon (1.0.0-beta6):
    - MLKitCommon (~> 8.0)
    - MLKitVision (~> 4.2)
  - MLKitTextRecognitionJapanese (1.0.0-beta6):
    - MLKitCommon (~> 8.0)
    - MLKitTextRecognitionCommon (= 1.0.0-beta6)
    - MLKitVision (~> 4.2)
  - MLKitVision (4.2.0):
    - GoogleToolboxForMac/Logger (~> 2.1)
    - "GoogleToolboxForMac/NSData+zlib (~> 2.1)"
    - GTMSessionFetcher/Core (~> 1.1)
    - MLImage (= 1.0.0-beta3)
    - MLKitCommon (~> 8.0)
    - Protobuf (~> 3.12)
  - nanopb (2.30909.0):
    - nanopb/decode (= 2.30909.0)
    - nanopb/encode (= 2.30909.0)
  - nanopb/decode (2.30909.0)
  - nanopb/encode (2.30909.0)
  - OpenSSL-Universal (1.1.1100)
  - PromisesObjC (2.1.1)
  - Protobuf (3.21.9)
  - RCTRequired (0.62.2)
  - RCTTypeSafety (0.62.2):
    - FBLazyVector (= 0.62.2)
    - Folly (= 2018.10.22.00)
    - RCTRequired (= 0.62.2)
    - React-Core (= 0.62.2)
  - React (0.62.2):
    - React-Core (= 0.62.2)
    - React-Core/DevSupport (= 0.62.2)
    - React-Core/RCTWebSocket (= 0.62.2)
    - React-RCTActionSheet (= 0.62.2)
    - React-RCTAnimation (= 0.62.2)
    - React-RCTBlob (= 0.62.2)
    - React-RCTImage (= 0.62.2)
    - React-RCTLinking (= 0.62.2)
    - React-RCTNetwork (= 0.62.2)
    - React-RCTSettings (= 0.62.2)
    - React-RCTText (= 0.62.2)
    - React-RCTVibration (= 0.62.2)
  - React-Core (0.62.2):
    - Folly (= 2018.10.22.00)
    - glog
    - React-Core/Default (= 0.62.2)
    - React-cxxreact (= 0.62.2)
    - React-jsi (= 0.62.2)
    - React-jsiexecutor (= 0.62.2)
    - Yoga
  - React-Core/CoreModulesHeaders (0.62.2):
    - Folly (= 2018.10.22.00)
    - glog
    - React-Core/Default
    - React-cxxreact (= 0.62.2)
    - React-jsi (= 0.62.2)
    - React-jsiexecutor (= 0.62.2)
    - Yoga
  - React-Core/Default (0.62.2):
    - Folly (= 2018.10.22.00)
    - glog
    - React-cxxreact (= 0.62.2)
    - React-jsi (= 0.62.2)
    - React-jsiexecutor (= 0.62.2)
    - Yoga
  - React-Core/DevSupport (0.62.2):
    - Folly (= 2018.10.22.00)
    - glog
    - React-Core/Default (= 0.62.2)
    - React-Core/RCTWebSocket (= 0.62.2)
    - React-cxxreact (= 0.62.2)
    - React-jsi (= 0.62.2)
    - React-jsiexecutor (= 0.62.2)
    - React-jsinspector (= 0.62.2)
    - Yoga
  - React-Core/RCTActionSheetHeaders (0.62.2):
    - Folly (= 2018.10.22.00)
    - glog
    - React-Core/Default
    - React-cxxreact (= 0.62.2)
    - React-jsi (= 0.62.2)
    - React-jsiexecutor (= 0.62.2)
    - Yoga
  - React-Core/RCTAnimationHeaders (0.62.2):
    - Folly (= 2018.10.22.00)
    - glog
    - React-Core/Default
    - React-cxxreact (= 0.62.2)
    - React-jsi (= 0.62.2)
    - React-jsiexecutor (= 0.62.2)
    - Yoga
  - React-Core/RCTBlobHeaders (0.62.2):
    - Folly (= 2018.10.22.00)
    - glog
    - React-Core/Default
    - React-cxxreact (= 0.62.2)
    - React-jsi (= 0.62.2)
    - React-jsiexecutor (= 0.62.2)
    - Yoga
  - React-Core/RCTImageHeaders (0.62.2):
    - Folly (= 2018.10.22.00)
    - glog
    - React-Core/Default
    - React-cxxreact (= 0.62.2)
    - React-jsi (= 0.62.2)
    - React-jsiexecutor (= 0.62.2)
    - Yoga
  - React-Core/RCTLinkingHeaders (0.62.2):
    - Folly (= 2018.10.22.00)
    - glog
    - React-Core/Default
    - React-cxxreact (= 0.62.2)
    - React-jsi (= 0.62.2)
    - React-jsiexecutor (= 0.62.2)
    - Yoga
  - React-Core/RCTNetworkHeaders (0.62.2):
    - Folly (= 2018.10.22.00)
    - glog
    - React-Core/Default
    - React-cxxreact (= 0.62.2)
    - React-jsi (= 0.62.2)
    - React-jsiexecutor (= 0.62.2)
    - Yoga
  - React-Core/RCTSettingsHeaders (0.62.2):
    - Folly (= 2018.10.22.00)
    - glog
    - React-Core/Default
    - React-cxxreact (= 0.62.2)
    - React-jsi (= 0.62.2)
    - React-jsiexecutor (= 0.62.2)
    - Yoga
  - React-Core/RCTTextHeaders (0.62.2):
    - Folly (= 2018.10.22.00)
    - glog
    - React-Core/Default
    - React-cxxreact (= 0.62.2)
    - React-jsi (= 0.62.2)
    - React-jsiexecutor (= 0.62.2)
    - Yoga
  - React-Core/RCTVibrationHeaders (0.62.2):
    - Folly (= 2018.10.22.00)
    - glog
    - React-Core/Default
    - React-cxxreact (= 0.62.2)
    - React-jsi (= 0.62.2)
    - React-jsiexecutor (= 0.62.2)
    - Yoga
  - React-Core/RCTWebSocket (0.62.2):
    - Folly (= 2018.10.22.00)
    - glog
    - React-Core/Default (= 0.62.2)
    - React-cxxreact (= 0.62.2)
    - React-jsi (= 0.62.2)
    - React-jsiexecutor (= 0.62.2)
    - Yoga
  - React-CoreModules (0.62.2):
    - FBReactNativeSpec (= 0.62.2)
    - Folly (= 2018.10.22.00)
    - RCTTypeSafety (= 0.62.2)
    - React-Core/CoreModulesHeaders (= 0.62.2)
    - React-RCTImage (= 0.62.2)
    - ReactCommon/turbomodule/core (= 0.62.2)
  - React-cxxreact (0.62.2):
    - boost-for-react-native (= 1.63.0)
    - DoubleConversion
    - Folly (= 2018.10.22.00)
    - glog
    - React-jsinspector (= 0.62.2)
  - React-jsi (0.62.2):
    - boost-for-react-native (= 1.63.0)
    - DoubleConversion
    - Folly (= 2018.10.22.00)
    - glog
    - React-jsi/Default (= 0.62.2)
  - React-jsi/Default (0.62.2):
    - boost-for-react-native (= 1.63.0)
    - DoubleConversion
    - Folly (= 2018.10.22.00)
    - glog
  - React-jsiexecutor (0.62.2):
    - DoubleConversion
    - Folly (= 2018.10.22.00)
    - glog
    - React-cxxreact (= 0.62.2)
    - React-jsi (= 0.62.2)
  - React-jsinspector (0.62.2)
  - react-native-image-picker (3.0.0-vnext.4):
    - React
  - react-native-mlkit-ocr (0.2.5):
    - GoogleMLKit/TextRecognition (= 3.2.0)
    - GoogleMLKit/TextRecognitionJapanese (= 3.2.0)
    - React
  - React-RCTActionSheet (0.62.2):
    - React-Core/RCTActionSheetHeaders (= 0.62.2)
  - React-RCTAnimation (0.62.2):
    - FBReactNativeSpec (= 0.62.2)
    - Folly (= 2018.10.22.00)
    - RCTTypeSafety (= 0.62.2)
    - React-Core/RCTAnimationHeaders (= 0.62.2)
    - ReactCommon/turbomodule/core (= 0.62.2)
  - React-RCTBlob (0.62.2):
    - FBReactNativeSpec (= 0.62.2)
    - Folly (= 2018.10.22.00)
    - React-Core/RCTBlobHeaders (= 0.62.2)
    - React-Core/RCTWebSocket (= 0.62.2)
    - React-jsi (= 0.62.2)
    - React-RCTNetwork (= 0.62.2)
    - ReactCommon/turbomodule/core (= 0.62.2)
  - React-RCTImage (0.62.2):
    - FBReactNativeSpec (= 0.62.2)
    - Folly (= 2018.10.22.00)
    - RCTTypeSafety (= 0.62.2)
    - React-Core/RCTImageHeaders (= 0.62.2)
    - React-RCTNetwork (= 0.62.2)
    - ReactCommon/turbomodule/core (= 0.62.2)
  - React-RCTLinking (0.62.2):
    - FBReactNativeSpec (= 0.62.2)
    - React-Core/RCTLinkingHeaders (= 0.62.2)
    - ReactCommon/turbomodule/core (= 0.62.2)
  - React-RCTNetwork (0.62.2):
    - FBReactNativeSpec (= 0.62.2)
    - Folly (= 2018.10.22.00)
    - RCTTypeSafety (= 0.62.2)
    - React-Core/RCTNetworkHeaders (= 0.62.2)
    - ReactCommon/turbomodule/core (= 0.62.2)
  - React-RCTSettings (0.62.2):
    - FBReactNativeSpec (= 0.62.2)
    - Folly (= 2018.10.22.00)
    - RCTTypeSafety (= 0.62.2)
    - React-Core/RCTSettingsHeaders (= 0.62.2)
    - ReactCommon/turbomodule/core (= 0.62.2)
  - React-RCTText (0.62.2):
    - React-Core/RCTTextHeaders (= 0.62.2)
  - React-RCTVibration (0.62.2):
    - FBReactNativeSpec (= 0.62.2)
    - Folly (= 2018.10.22.00)
    - React-Core/RCTVibrationHeaders (= 0.62.2)
    - ReactCommon/turbomodule/core (= 0.62.2)
  - ReactCommon/callinvoker (0.62.2):
    - DoubleConversion
    - Folly (= 2018.10.22.00)
    - glog
    - React-cxxreact (= 0.62.2)
  - ReactCommon/turbomodule/core (0.62.2):
    - DoubleConversion
    - Folly (= 2018.10.22.00)
    - glog
    - React-Core (= 0.62.2)
    - React-cxxreact (= 0.62.2)
    - React-jsi (= 0.62.2)
    - ReactCommon/callinvoker (= 0.62.2)
  - Yoga (1.14.0)
  - YogaKit (1.18.1):
    - Yoga (~> 1.14)

DEPENDENCIES:
  - DoubleConversion (from `../node_modules/react-native/third-party-podspecs/DoubleConversion.podspec`)
  - FBLazyVector (from `../node_modules/react-native/Libraries/FBLazyVector`)
  - FBReactNativeSpec (from `../node_modules/react-native/Libraries/FBReactNativeSpec`)
  - FlipperKit (~> 0.33.1)
  - FlipperKit/FlipperKitLayoutPlugin (~> 0.33.1)
  - FlipperKit/FlipperKitReactPlugin (~> 0.33.1)
  - FlipperKit/FlipperKitUserDefaultsPlugin (~> 0.33.1)
  - FlipperKit/SKIOSNetworkPlugin (~> 0.33.1)
  - Folly (from `../node_modules/react-native/third-party-podspecs/Folly.podspec`)
  - glog (from `../node_modules/react-native/third-party-podspecs/glog.podspec`)
  - RCTRequired (from `../node_modules/react-native/Libraries/RCTRequired`)
  - RCTTypeSafety (from `../node_modules/react-native/Libraries/TypeSafety`)
  - React (from `../node_modules/react-native/`)
  - React-Core (from `../node_modules/react-native/`)
  - React-Core/DevSupport (from `../node_modules/react-native/`)
  - React-Core/RCTWebSocket (from `../node_modules/react-native/`)
  - React-CoreModules (from `../node_modules/react-native/React/CoreModules`)
  - React-cxxreact (from `../node_modules/react-native/ReactCommon/cxxreact`)
  - React-jsi (from `../node_modules/react-native/ReactCommon/jsi`)
  - React-jsiexecutor (from `../node_modules/react-native/ReactCommon/jsiexecutor`)
  - React-jsinspector (from `../node_modules/react-native/ReactCommon/jsinspector`)
  - react-native-image-picker (from `../node_modules/react-native-image-picker`)
  - react-native-mlkit-ocr (from `../..`)
  - React-RCTActionSheet (from `../node_modules/react-native/Libraries/ActionSheetIOS`)
  - React-RCTAnimation (from `../node_modules/react-native/Libraries/NativeAnimation`)
  - React-RCTBlob (from `../node_modules/react-native/Libraries/Blob`)
  - React-RCTImage (from `../node_modules/react-native/Libraries/Image`)
  - React-RCTLinking (from `../node_modules/react-native/Libraries/LinkingIOS`)
  - React-RCTNetwork (from `../node_modules/react-native/Libraries/Network`)
  - React-RCTSettings (from `../node_modules/react-native/Libraries/Settings`)
  - React-RCTText (from `../node_modules/react-native/Libraries/Text`)
  - React-RCTVibration (from `../node_modules/react-native/Libraries/Vibration`)
  - ReactCommon/callinvoker (from `../node_modules/react-native/ReactCommon`)
  - ReactCommon/turbomodule/core (from `../node_modules/react-native/ReactCommon`)
  - Yoga (from `../node_modules/react-native/ReactCommon/yoga`)

SPEC REPOS:
  trunk:
    - boost-for-react-native
    - CocoaAsyncSocket
    - Flipper
    - Flipper-Boost-iOSX
    - Flipper-DoubleConversion
    - Flipper-Fmt
    - Flipper-Folly
    - Flipper-Glog
    - Flipper-PeerTalk
    - Flipper-RSocket
    - FlipperKit
    - GoogleDataTransport
    - GoogleMLKit
    - GoogleToolboxForMac
    - GoogleUtilities
    - GoogleUtilitiesComponents
    - GTMSessionFetcher
    - libevent
    - MLImage
    - MLKitCommon
    - MLKitTextRecognition
    - MLKitTextRecognitionCommon
    - MLKitTextRecognitionJapanese
    - MLKitVision
    - nanopb
    - OpenSSL-Universal
    - PromisesObjC
    - Protobuf
    - YogaKit

EXTERNAL SOURCES:
  DoubleConversion:
    :podspec: "../node_modules/react-native/third-party-podspecs/DoubleConversion.podspec"
  FBLazyVector:
    :path: "../node_modules/react-native/Libraries/FBLazyVector"
  FBReactNativeSpec:
    :path: "../node_modules/react-native/Libraries/FBReactNativeSpec"
  Folly:
    :podspec: "../node_modules/react-native/third-party-podspecs/Folly.podspec"
  glog:
    :podspec: "../node_modules/react-native/third-party-podspecs/glog.podspec"
  RCTRequired:
    :path: "../node_modules/react-native/Libraries/RCTRequired"
  RCTTypeSafety:
    :path: "../node_modules/react-native/Libraries/TypeSafety"
  React:
    :path: "../node_modules/react-native/"
  React-Core:
    :path: "../node_modules/react-native/"
  React-CoreModules:
    :path: "../node_modules/react-native/React/CoreModules"
  React-cxxreact:
    :path: "../node_modules/react-native/ReactCommon/cxxreact"
  React-jsi:
    :path: "../node_modules/react-native/ReactCommon/jsi"
  React-jsiexecutor:
    :path: "../node_modules/react-native/ReactCommon/jsiexecutor"
  React-jsinspector:
    :path: "../node_modules/react-native/ReactCommon/jsinspector"
  react-native-image-picker:
    :path: "../node_modules/react-native-image-picker"
  react-native-mlkit-ocr:
    :path: "../.."
  React-RCTActionSheet:
    :path: "../node_modules/react-native/Libraries/ActionSheetIOS"
  React-RCTAnimation:
    :path: "../node_modules/react-native/Libraries/NativeAnimation"
  React-RCTBlob:
    :path: "../node_modules/react-native/Libraries/Blob"
  React-RCTImage:
    :path: "../node_modules/react-native/Libraries/Image"
  React-RCTLinking:
    :path: "../node_modules/react-native/Libraries/LinkingIOS"
  React-RCTNetwork:
    :path: "../node_modules/react-native/Libraries/Network"
  React-RCTSettings:
    :path: "../node_modules/react-native/Libraries/Settings"
  React-RCTText:
    :path: "../node_modules/react-native/Libraries/Text"
  React-RCTVibration:
    :path: "../node_modules/react-native/Libraries/Vibration"
  ReactCommon:
    :path: "../node_modules/react-native/ReactCommon"
  Yoga:
    :path: "../node_modules/react-native/ReactCommon/yoga"

SPEC CHECKSUMS:
  boost-for-react-native: 39c7adb57c4e60d6c5479dd8623128eb5b3f0f2c
  CocoaAsyncSocket: 065fd1e645c7abab64f7a6a2007a48038fdc6a99
  DoubleConversion: 5805e889d232975c086db112ece9ed034df7a0b2
  FBLazyVector: 4aab18c93cd9546e4bfed752b4084585eca8b245
  FBReactNativeSpec: 5465d51ccfeecb7faa12f9ae0024f2044ce4044e
  Flipper: 6c1f484f9a88d30ab3e272800d53688439e50f69
  Flipper-Boost-iOSX: fd1e2b8cbef7e662a122412d7ac5f5bea715403c
  Flipper-DoubleConversion: 2dc99b02f658daf147069aad9dbd29d8feb06d30
  Flipper-Fmt: 60cbdd92fc254826e61d669a5d87ef7015396a9b
  Flipper-Folly: 584845625005ff068a6ebf41f857f468decd26b3
  Flipper-Glog: 70c50ce58ddaf67dc35180db05f191692570f446
  Flipper-PeerTalk: 116d8f857dc6ef55c7a5a75ea3ceaafe878aadc9
  Flipper-RSocket: d9d9ade67cbecf6ac10730304bf5607266dd2541
  FlipperKit: 6dc9b8f4ef60d9e5ded7f0264db299c91f18832e
  Folly: 30e7936e1c45c08d884aa59369ed951a8e68cf51
  glog: 1f3da668190260b06b429bb211bfbee5cd790c28
  GoogleDataTransport: 1c8145da7117bd68bbbed00cf304edb6a24de00f
  GoogleMLKit: 0017a6a8372e1a182139b9def4d89be5d87ca5a7
  GoogleToolboxForMac: 8bef7c7c5cf7291c687cf5354f39f9db6399ad34
  GoogleUtilities: bad72cb363809015b1f7f19beb1f1cd23c589f95
  GoogleUtilitiesComponents: 679b2c881db3b615a2777504623df6122dd20afe
  GTMSessionFetcher: 5595ec75acf5be50814f81e9189490412bad82ba
  libevent: 4049cae6c81cdb3654a443be001fb9bdceff7913
  MLImage: 489dfec109f21da8621b28d476401aaf7a0d4ff4
  MLKitCommon: f6da6c5659618c070b50a80db01248ebe2964175
  MLKitTextRecognition: f6fda8923564f6cebe2bb952a1adb0414e1d731b
  MLKitTextRecognitionCommon: 0c720ee45ffedb3a34f0e8b95764d2f57a108e71
  MLKitTextRecognitionJapanese: 57d13d494e96328b293162e731b08150d720ffda
  MLKitVision: 96c96571190b7f63eddf4a12068ce8a8689e0d2c
  nanopb: b552cce312b6c8484180ef47159bc0f65a1f0431
  OpenSSL-Universal: ebc357f1e6bc71fa463ccb2fe676756aff50e88c
  PromisesObjC: ab77feca74fa2823e7af4249b8326368e61014cb
  Protobuf: 02524ec14183fe08fb259741659e79683788158b
  RCTRequired: cec6a34b3ac8a9915c37e7e4ad3aa74726ce4035
  RCTTypeSafety: 93006131180074cffa227a1075802c89a49dd4ce
  React: 29a8b1a02bd764fb7644ef04019270849b9a7ac3
  React-Core: b12bffb3f567fdf99510acb716ef1abd426e0e05
  React-CoreModules: 4a9b87bbe669d6c3173c0132c3328e3b000783d0
  React-cxxreact: e65f9c2ba0ac5be946f53548c1aaaee5873a8103
  React-jsi: b6dc94a6a12ff98e8877287a0b7620d365201161
  React-jsiexecutor: 1540d1c01bb493ae3124ed83351b1b6a155db7da
  React-jsinspector: 512e560d0e985d0e8c479a54a4e5c147a9c83493
  react-native-image-picker: 92a0ffd28b378b505c9b439d1b6bca07a12c759a
  react-native-mlkit-ocr: 761cd75329e6d841f6e1a4a1aebf89d0193a9db6
  React-RCTActionSheet: f41ea8a811aac770e0cc6e0ad6b270c644ea8b7c
  React-RCTAnimation: 49ab98b1c1ff4445148b72a3d61554138565bad0
  React-RCTBlob: a332773f0ebc413a0ce85942a55b064471587a71
  React-RCTImage: e70be9b9c74fe4e42d0005f42cace7981c994ac3
  React-RCTLinking: c1b9739a88d56ecbec23b7f63650e44672ab2ad2
  React-RCTNetwork: 73138b6f45e5a2768ad93f3d57873c2a18d14b44
  React-RCTSettings: 6e3738a87e21b39a8cb08d627e68c44acf1e325a
  React-RCTText: fae545b10cfdb3d247c36c56f61a94cfd6dba41d
  React-RCTVibration: 4356114dbcba4ce66991096e51a66e61eda51256
  ReactCommon: ed4e11d27609d571e7eee8b65548efc191116eb3
  Yoga: 3ebccbdd559724312790e7742142d062476b698e
  YogaKit: f782866e155069a2cca2517aafea43200b01fd5a

PODFILE CHECKSUM: 97433faa6f41a0fdf176164832afcbdb143ca480

COCOAPODS: 1.11.3
